
Microsoft Visual Studio Solution File, Format Version 12.00
# Visual Studio Version 17
VisualStudioVersion = 17.0.31903.59
MinimumVisualStudioVersion = 10.0.40219.1
Project("{2150E333-8FDC-42A3-9474-1A3956D46DE8}") = "Solution Items", "Solution Items", "{E0F685EE-E0CE-43E2-B013-E76F3E8F659A}"
	ProjectSection(SolutionItems) = preProject
		Readme.md = Readme.md
	EndProjectSection
EndProject
Project("{2150E333-8FDC-42A3-9474-1A3956D46DE8}") = ".github", ".github", "{D108B007-04AE-4993-890C-49CA3E0A7645}"
EndProject
Project("{2150E333-8FDC-42A3-9474-1A3956D46DE8}") = "workflows", "workflows", "{0E443756-B925-48CA-8D37-1BCE483DDCE9}"
	ProjectSection(SolutionItems) = preProject
		.github\workflows\create-jira-issues-for-community-activities.yml = .github\workflows\create-jira-issues-for-community-activities.yml
		.github\workflows\publish-nuget.yml = .github\workflows\publish-nuget.yml
		.github\workflows\validate-nuget-publish.yml = .github\workflows\validate-nuget-publish.yml
		.github\workflows\validate-pull-request.yml = .github\workflows\validate-pull-request.yml
	EndProjectSection
EndProject
Project("{FAE04EC0-301F-11D3-BF4B-00C04F79EFBC}") = "Lombiq.VueJs.Resources", "Lombiq.VueJs.Resources\Lombiq.VueJs.Resources.csproj", "{74E085F2-A37A-442C-B7DF-299AB4766419}"
EndProject
Global
	GlobalSection(SolutionConfigurationPlatforms) = preSolution
		Debug|Any CPU = Debug|Any CPU
		Release|Any CPU = Release|Any CPU
	EndGlobalSection
	GlobalSection(SolutionProperties) = preSolution
		HideSolutionNode = FALSE
	EndGlobalSection
	GlobalSection(ProjectConfigurationPlatforms) = postSolution
		{74E085F2-A37A-442C-B7DF-299AB4766419}.Debug|Any CPU.ActiveCfg = Debug|Any CPU
		{74E085F2-A37A-442C-B7DF-299AB4766419}.Debug|Any CPU.Build.0 = Debug|Any CPU
		{74E085F2-A37A-442C-B7DF-299AB4766419}.Release|Any CPU.ActiveCfg = Release|Any CPU
		{74E085F2-A37A-442C-B7DF-299AB4766419}.Release|Any CPU.Build.0 = Release|Any CPU
	EndGlobalSection
	GlobalSection(NestedProjects) = preSolution
		{D108B007-04AE-4993-890C-49CA3E0A7645} = {E0F685EE-E0CE-43E2-B013-E76F3E8F659A}
		{0E443756-B925-48CA-8D37-1BCE483DDCE9} = {D108B007-04AE-4993-890C-49CA3E0A7645}
	EndGlobalSection
EndGlobal
