lockfileVersion: '6.0'

settings:
  autoInstallPeers: true
  excludeLinksFromLockfile: false

devDependencies:
  vue-qrcode-reader:
    specifier: 5.7.3
    version: 5.7.3

packages:

  /@types/dom-webcodecs@0.1.11:
    resolution: {integrity: sha512-yPEZ3z7EohrmOxbk/QTAa0yonMFkNkjnVXqbGb7D4rMr+F1dGQ8ZUFxXkyLLJuiICPejZ0AZE9Rrk9wUCczx4A==}
    dev: true

  /@types/emscripten@1.39.10:
    resolution: {integrity: sha512-TB/6hBkYQJxsZHSqyeuO1Jt0AB/bW6G7rHt9g7lML7SOF6lbgcHvw/Lr+69iqN0qxgXLhWKScAon73JNnptuDw==}
    dev: true

  /barcode-detector@2.2.2:
    resolution: {integrity: sha512-JcSekql+EV93evfzF9zBr+Y6aRfkR+QFvgyzbwQ0dbymZXoAI9+WgT7H1E429f+3RKNncHz2CW98VQtaaKpmfQ==}
    dependencies:
      '@types/dom-webcodecs': 0.1.11
      zxing-wasm: 1.1.3
    dev: true

  /sdp@3.2.0:
    resolution: {integrity: sha512-d7wDPgDV3DDiqulJjKiV2865wKsJ34YI+NDREbm+FySq6WuKOikwyNQcm+doLAZ1O6ltdO0SeKle2xMpN3Brgw==}
    dev: true

  /vue-qrcode-reader@5.7.3:
    resolution: {integrity: sha512-iSGko42FsEvdHyizBMBs/X+HMO9Z5ONDxjW+mQdoraOR5emRNedmjC5SEJdYzGz8ZP5ME3lwB4iHy3S7MOt5Qw==}
    engines: {node: '>=18.0.0'}
    dependencies:
      barcode-detector: 2.2.2
      webrtc-adapter: 8.2.3
    dev: true

  /webrtc-adapter@8.2.3:
    resolution: {integrity: sha512-gnmRz++suzmvxtp3ehQts6s2JtAGPuDPjA1F3a9ckNpG1kYdYuHWYpazoAnL9FS5/B21tKlhkorbdCXat0+4xQ==}
    engines: {node: '>=6.0.0', npm: '>=3.10.0'}
    dependencies:
      sdp: 3.2.0
    dev: true

  /zxing-wasm@1.1.3:
    resolution: {integrity: sha512-MYm9k/5YVs4ZOTIFwlRjfFKD0crhefgbnt1+6TEpmKUDFp3E2uwqGSKwQOd2hOIsta/7Usq4hnpNRYTLoljnfA==}
    dependencies:
      '@types/emscripten': 1.39.10
    dev: true
